
Microsoft Visual Studio Solution File, Format Version 12.00
# Visual Studio Version 17
VisualStudioVersion = 17.14.36518.9 d17.14
MinimumVisualStudioVersion = 10.0.40219.1
Project("{FAE04EC0-301F-11D3-BF4B-00C04F79EFBC}") = "ConsultLabelsVDP", "ConsultLabelsVDP\ConsultLabelsVDP.csproj", "{22D53BAC-4EB3-4048-AD70-9416EF0248F0}"
EndProject
Global
	GlobalSection(SolutionConfigurationPlatforms) = preSolution
		Debug|Any CPU = Debug|Any CPU
		Release|Any CPU = Release|Any CPU
	EndGlobalSection
	GlobalSection(ProjectConfigurationPlatforms) = postSolution
		{22D53BAC-4EB3-4048-AD70-9416EF0248F0}.Debug|Any CPU.ActiveCfg = Debug|Any CPU
		{22D53BAC-4EB3-4048-AD70-9416EF0248F0}.Debug|Any CPU.Build.0 = Debug|Any CPU
		{22D53BAC-4EB3-4048-AD70-9416EF0248F0}.Release|Any CPU.ActiveCfg = Release|Any CPU
		{22D53BAC-4EB3-4048-AD70-9416EF0248F0}.Release|Any CPU.Build.0 = Release|Any CPU
	EndGlobalSection
	GlobalSection(SolutionProperties) = preSolution
		HideSolutionNode = FALSE
	EndGlobalSection
	GlobalSection(ExtensibilityGlobals) = postSolution
		SolutionGuid = {1FD9BAD8-5C6D-4750-985F-C20382BE4AA8}
	EndGlobalSection
EndGlobal
